
Microsoft Visual Studio Solution File, Format Version 12.00
# Visual Studio 2013
VisualStudioVersion = 12.0.30324.0
MinimumVisualStudioVersion = 10.0.40219.1
Project("{FAE04EC0-301F-11D3-BF4B-00C04F79EFBC}") = "FreelanceManager.Web", "FreelanceManager.Web\FreelanceManager.Web.csproj", "{E35D84C4-82EB-4615-BA72-C2AC75BA8D0B}"
EndProject
Project("{FAE04EC0-301F-11D3-BF4B-00C04F79EFBC}") = "FreelanceManager.Domain", "FreelanceManager.Domain\FreelanceManager.Domain.csproj", "{E43DFE0E-174B-4CC2-B1AE-1FD63661DE57}"
EndProject
Project("{FAE04EC0-301F-11D3-BF4B-00C04F79EFBC}") = "FreelanceManager.Shared", "FreelanceManager.Shared\FreelanceManager.Shared.csproj", "{74F2E22B-A171-4165-8DCB-FDE71BE70EBC}"
EndProject
Project("{FAE04EC0-301F-11D3-BF4B-00C04F79EFBC}") = "FreelanceManager.Infrastructure", "FreelanceManager.Infrastructure\FreelanceManager.Infrastructure.csproj", "{D2326592-01BC-412B-A468-6CB687349908}"
EndProject
Project("{FAE04EC0-301F-11D3-BF4B-00C04F79EFBC}") = "FreelanceManager.ReadModel", "FreelanceManager.ReadModel\FreelanceManager.ReadModel.csproj", "{539E3088-7D55-4D3C-9E57-4CB754F09D1C}"
EndProject
Project("{FAE04EC0-301F-11D3-BF4B-00C04F79EFBC}") = "FreelanceManager.Shared.Tests", "FreelanceManager.Shared.Tests\FreelanceManager.Shared.Tests.csproj", "{A4DF9027-AEAD-4049-8A30-AF72988587F5}"
EndProject
Project("{FAE04EC0-301F-11D3-BF4B-00C04F79EFBC}") = "FreelanceManager.ReadModel.Console", "FreelanceManager.ReadModel.Console\FreelanceManager.ReadModel.Console.csproj", "{584622F2-79C8-43F1-94B5-2A9208E5017A}"
EndProject
Project("{FAE04EC0-301F-11D3-BF4B-00C04F79EFBC}") = "FreelanceManager.Infrastructure.Tests", "FreelanceManager.Infrastructure.Tests\FreelanceManager.Infrastructure.Tests.csproj", "{E86AB25B-93E2-4096-B562-FA0CFD1A5A8C}"
EndProject
Project("{FAE04EC0-301F-11D3-BF4B-00C04F79EFBC}") = "FreelanceManager.Web.IntegrationTests", "FreelanceManager.Web.IntegrationTests\FreelanceManager.Web.IntegrationTests.csproj", "{2CED528B-1876-43AA-8CF7-C3E5204533FE}"
EndProject
Project("{2150E333-8FDC-42A3-9474-1A3956D46DE8}") = ".nuget", ".nuget", "{7222E4AE-BF6E-4F3C-9BA1-38C36FEAEC40}"
	ProjectSection(SolutionItems) = preProject
		.nuget\NuGet.Config = .nuget\NuGet.Config
		.nuget\NuGet.exe = .nuget\NuGet.exe
		.nuget\NuGet.targets = .nuget\NuGet.targets
	EndProjectSection
EndProject
Project("{FAE04EC0-301F-11D3-BF4B-00C04F79EFBC}") = "FreelanceManager.Domain.Tests", "FreelanceManager.Domain.Tests\FreelanceManager.Domain.Tests.csproj", "{CCFAB98D-97B5-47EA-BCDC-DC0889FF12B3}"
EndProject
Project("{FAE04EC0-301F-11D3-BF4B-00C04F79EFBC}") = "FreelanceManager.ReadModel.Tests", "FreelanceManager.ReadModel.Tests\FreelanceManager.ReadModel.Tests.csproj", "{702E6ECE-2AF7-4493-8EF5-C8C66C950613}"
EndProject
Project("{FAE04EC0-301F-11D3-BF4B-00C04F79EFBC}") = "FreelanceManager.Performance.Console", "FreelanceManager.Performance.Console\FreelanceManager.Performance.Console.csproj", "{D94E8FBC-02A1-47B1-9CE6-7AC9C6047D5F}"
EndProject
Project("{FAE04EC0-301F-11D3-BF4B-00C04F79EFBC}") = "FreelanceManager.ReadModel.WindowsService", "FreelanceManager.ReadModel.WindowsService\FreelanceManager.ReadModel.WindowsService.csproj", "{87BDE5CE-1A55-4369-B17F-39C7483C5BA1}"
EndProject
Project("{FAE04EC0-301F-11D3-BF4B-00C04F79EFBC}") = "FreelanceManager.Performance", "FreelanceManager.Performance\FreelanceManager.Performance.csproj", "{C507D565-040B-4A0F-8E9D-6B2107FF7279}"
EndProject
Global
	GlobalSection(SolutionConfigurationPlatforms) = preSolution
		Debug|Any CPU = Debug|Any CPU
		Release|Any CPU = Release|Any CPU
	EndGlobalSection
	GlobalSection(ProjectConfigurationPlatforms) = postSolution
		{E35D84C4-82EB-4615-BA72-C2AC75BA8D0B}.Debug|Any CPU.ActiveCfg = Debug|Any CPU
		{E35D84C4-82EB-4615-BA72-C2AC75BA8D0B}.Debug|Any CPU.Build.0 = Debug|Any CPU
		{E35D84C4-82EB-4615-BA72-C2AC75BA8D0B}.Release|Any CPU.ActiveCfg = Release|Any CPU
		{E35D84C4-82EB-4615-BA72-C2AC75BA8D0B}.Release|Any CPU.Build.0 = Release|Any CPU
		{E43DFE0E-174B-4CC2-B1AE-1FD63661DE57}.Debug|Any CPU.ActiveCfg = Debug|Any CPU
		{E43DFE0E-174B-4CC2-B1AE-1FD63661DE57}.Debug|Any CPU.Build.0 = Debug|Any CPU
		{E43DFE0E-174B-4CC2-B1AE-1FD63661DE57}.Release|Any CPU.ActiveCfg = Release|Any CPU
		{E43DFE0E-174B-4CC2-B1AE-1FD63661DE57}.Release|Any CPU.Build.0 = Release|Any CPU
		{74F2E22B-A171-4165-8DCB-FDE71BE70EBC}.Debug|Any CPU.ActiveCfg = Debug|Any CPU
		{74F2E22B-A171-4165-8DCB-FDE71BE70EBC}.Debug|Any CPU.Build.0 = Debug|Any CPU
		{74F2E22B-A171-4165-8DCB-FDE71BE70EBC}.Release|Any CPU.ActiveCfg = Release|Any CPU
		{74F2E22B-A171-4165-8DCB-FDE71BE70EBC}.Release|Any CPU.Build.0 = Release|Any CPU
		{D2326592-01BC-412B-A468-6CB687349908}.Debug|Any CPU.ActiveCfg = Debug|Any CPU
		{D2326592-01BC-412B-A468-6CB687349908}.Debug|Any CPU.Build.0 = Debug|Any CPU
		{D2326592-01BC-412B-A468-6CB687349908}.Release|Any CPU.ActiveCfg = Release|Any CPU
		{D2326592-01BC-412B-A468-6CB687349908}.Release|Any CPU.Build.0 = Release|Any CPU
		{539E3088-7D55-4D3C-9E57-4CB754F09D1C}.Debug|Any CPU.ActiveCfg = Debug|Any CPU
		{539E3088-7D55-4D3C-9E57-4CB754F09D1C}.Debug|Any CPU.Build.0 = Debug|Any CPU
		{539E3088-7D55-4D3C-9E57-4CB754F09D1C}.Release|Any CPU.ActiveCfg = Release|Any CPU
		{539E3088-7D55-4D3C-9E57-4CB754F09D1C}.Release|Any CPU.Build.0 = Release|Any CPU
		{A4DF9027-AEAD-4049-8A30-AF72988587F5}.Debug|Any CPU.ActiveCfg = Debug|Any CPU
		{A4DF9027-AEAD-4049-8A30-AF72988587F5}.Debug|Any CPU.Build.0 = Debug|Any CPU
		{A4DF9027-AEAD-4049-8A30-AF72988587F5}.Release|Any CPU.ActiveCfg = Release|Any CPU
		{A4DF9027-AEAD-4049-8A30-AF72988587F5}.Release|Any CPU.Build.0 = Release|Any CPU
		{584622F2-79C8-43F1-94B5-2A9208E5017A}.Debug|Any CPU.ActiveCfg = Debug|Any CPU
		{584622F2-79C8-43F1-94B5-2A9208E5017A}.Debug|Any CPU.Build.0 = Debug|Any CPU
		{584622F2-79C8-43F1-94B5-2A9208E5017A}.Release|Any CPU.ActiveCfg = Release|Any CPU
		{584622F2-79C8-43F1-94B5-2A9208E5017A}.Release|Any CPU.Build.0 = Release|Any CPU
		{E86AB25B-93E2-4096-B562-FA0CFD1A5A8C}.Debug|Any CPU.ActiveCfg = Debug|Any CPU
		{E86AB25B-93E2-4096-B562-FA0CFD1A5A8C}.Debug|Any CPU.Build.0 = Debug|Any CPU
		{E86AB25B-93E2-4096-B562-FA0CFD1A5A8C}.Release|Any CPU.ActiveCfg = Release|Any CPU
		{E86AB25B-93E2-4096-B562-FA0CFD1A5A8C}.Release|Any CPU.Build.0 = Release|Any CPU
		{2CED528B-1876-43AA-8CF7-C3E5204533FE}.Debug|Any CPU.ActiveCfg = Debug|Any CPU
		{2CED528B-1876-43AA-8CF7-C3E5204533FE}.Debug|Any CPU.Build.0 = Debug|Any CPU
		{2CED528B-1876-43AA-8CF7-C3E5204533FE}.Release|Any CPU.ActiveCfg = Release|Any CPU
		{2CED528B-1876-43AA-8CF7-C3E5204533FE}.Release|Any CPU.Build.0 = Release|Any CPU
		{CCFAB98D-97B5-47EA-BCDC-DC0889FF12B3}.Debug|Any CPU.ActiveCfg = Debug|Any CPU
		{CCFAB98D-97B5-47EA-BCDC-DC0889FF12B3}.Debug|Any CPU.Build.0 = Debug|Any CPU
		{CCFAB98D-97B5-47EA-BCDC-DC0889FF12B3}.Release|Any CPU.ActiveCfg = Release|Any CPU
		{CCFAB98D-97B5-47EA-BCDC-DC0889FF12B3}.Release|Any CPU.Build.0 = Release|Any CPU
		{702E6ECE-2AF7-4493-8EF5-C8C66C950613}.Debug|Any CPU.ActiveCfg = Debug|Any CPU
		{702E6ECE-2AF7-4493-8EF5-C8C66C950613}.Debug|Any CPU.Build.0 = Debug|Any CPU
		{702E6ECE-2AF7-4493-8EF5-C8C66C950613}.Release|Any CPU.ActiveCfg = Release|Any CPU
		{702E6ECE-2AF7-4493-8EF5-C8C66C950613}.Release|Any CPU.Build.0 = Release|Any CPU
		{D94E8FBC-02A1-47B1-9CE6-7AC9C6047D5F}.Debug|Any CPU.ActiveCfg = Debug|Any CPU
		{D94E8FBC-02A1-47B1-9CE6-7AC9C6047D5F}.Debug|Any CPU.Build.0 = Debug|Any CPU
		{D94E8FBC-02A1-47B1-9CE6-7AC9C6047D5F}.Release|Any CPU.ActiveCfg = Release|Any CPU
		{D94E8FBC-02A1-47B1-9CE6-7AC9C6047D5F}.Release|Any CPU.Build.0 = Release|Any CPU
		{87BDE5CE-1A55-4369-B17F-39C7483C5BA1}.Debug|Any CPU.ActiveCfg = Debug|Any CPU
		{87BDE5CE-1A55-4369-B17F-39C7483C5BA1}.Debug|Any CPU.Build.0 = Debug|Any CPU
		{87BDE5CE-1A55-4369-B17F-39C7483C5BA1}.Release|Any CPU.ActiveCfg = Release|Any CPU
		{87BDE5CE-1A55-4369-B17F-39C7483C5BA1}.Release|Any CPU.Build.0 = Release|Any CPU
		{C507D565-040B-4A0F-8E9D-6B2107FF7279}.Debug|Any CPU.ActiveCfg = Debug|Any CPU
		{C507D565-040B-4A0F-8E9D-6B2107FF7279}.Debug|Any CPU.Build.0 = Debug|Any CPU
		{C507D565-040B-4A0F-8E9D-6B2107FF7279}.Release|Any CPU.ActiveCfg = Release|Any CPU
		{C507D565-040B-4A0F-8E9D-6B2107FF7279}.Release|Any CPU.Build.0 = Release|Any CPU
	EndGlobalSection
	GlobalSection(SolutionProperties) = preSolution
		HideSolutionNode = FALSE
	EndGlobalSection
EndGlobal
